
Microsoft Visual Studio Solution File, Format Version 12.00
# Visual Studio Version 16
VisualStudioVersion = 16.0.30517.126
MinimumVisualStudioVersion = 10.0.40219.1
Project("{9A19103F-16F7-4668-BE54-9A1E7A4F7556}") = "your-grs-actionsTracker", "your-grs-actionsTracker\your-grs-actionsTracker.csproj", "{B9EB7A70-C052-4C14-95C6-BAF930A0C1B2}"
EndProject
Project("{FAE04EC0-301F-11D3-BF4B-00C04F79EFBC}") = "InstaParseWPF", "InstaParseWPF\InstaParseWPF.csproj", "{E5800376-7022-4514-BA67-4F5D04B5AA9B}"
EndProject
Global
	GlobalSection(SolutionConfigurationPlatforms) = preSolution
		Debug|Any CPU = Debug|Any CPU
		Release|Any CPU = Release|Any CPU
	EndGlobalSection
	GlobalSection(ProjectConfigurationPlatforms) = postSolution
		{B9EB7A70-C052-4C14-95C6-BAF930A0C1B2}.Debug|Any CPU.ActiveCfg = Debug|Any CPU
		{B9EB7A70-C052-4C14-95C6-BAF930A0C1B2}.Debug|Any CPU.Build.0 = Debug|Any CPU
		{B9EB7A70-C052-4C14-95C6-BAF930A0C1B2}.Release|Any CPU.ActiveCfg = Release|Any CPU
		{B9EB7A70-C052-4C14-95C6-BAF930A0C1B2}.Release|Any CPU.Build.0 = Release|Any CPU
		{E5800376-7022-4514-BA67-4F5D04B5AA9B}.Debug|Any CPU.ActiveCfg = Debug|Any CPU
		{E5800376-7022-4514-BA67-4F5D04B5AA9B}.Debug|Any CPU.Build.0 = Debug|Any CPU
		{E5800376-7022-4514-BA67-4F5D04B5AA9B}.Release|Any CPU.ActiveCfg = Release|Any CPU
		{E5800376-7022-4514-BA67-4F5D04B5AA9B}.Release|Any CPU.Build.0 = Release|Any CPU
	EndGlobalSection
	GlobalSection(SolutionProperties) = preSolution
		HideSolutionNode = FALSE
	EndGlobalSection
	GlobalSection(ExtensibilityGlobals) = postSolution
		SolutionGuid = {BE4786A0-5A0F-4ECF-9B6B-11D8C21FEB26}
	EndGlobalSection
EndGlobal
